
Microsoft Visual Studio Solution File, Format Version 9.00
# Visual Studio 2005
Project("{FAE04EC0-301F-11D3-BF4B-00C04F79EFBC}") = "NrkBrowser", "mpplugin2\NrkBrowser.csproj", "{2A20C160-A7E8-48CB-95A3-92F62CA6AB38}"
	ProjectSection(WebsiteProperties) = preProject
		Debug.AspNetCompiler.Debug = "True"
		Release.AspNetCompiler.Debug = "False"
	EndProjectSection
EndProject
Project("{FAE04EC0-301F-11D3-BF4B-00C04F79EFBC}") = "testapplikasjon", "ConsoleApplication1\testapplikasjon.csproj", "{309A3F5E-91A4-40C5-BAB8-527905FE85DF}"
	ProjectSection(WebsiteProperties) = preProject
		Debug.AspNetCompiler.Debug = "True"
		Release.AspNetCompiler.Debug = "False"
	EndProjectSection
EndProject
Project("{2150E333-8FDC-42A3-9474-1A3956D46DE8}") = "skins", "skins", "{96D7E999-175E-4670-B11A-75CADA2E29F8}"
	ProjectSection(WebsiteProperties) = preProject
		Debug.AspNetCompiler.Debug = "True"
		Release.AspNetCompiler.Debug = "False"
	EndProjectSection
EndProject
Project("{2150E333-8FDC-42A3-9474-1A3956D46DE8}") = "aeonwide", "aeonwide", "{6D4BA5EC-1F68-4F75-8039-36D4FD51FA7A}"
	ProjectSection(WebsiteProperties) = preProject
		Debug.AspNetCompiler.Debug = "True"
		Release.AspNetCompiler.Debug = "False"
	EndProjectSection
	ProjectSection(SolutionItems) = preProject
		skins\aeonwide\NrkBrowser.xml = skins\aeonwide\NrkBrowser.xml
	EndProjectSection
EndProject
Project("{2150E333-8FDC-42A3-9474-1A3956D46DE8}") = "monochrome", "monochrome", "{780957D9-9BE9-49CE-8E0C-0429A3AB5150}"
	ProjectSection(WebsiteProperties) = preProject
		Debug.AspNetCompiler.Debug = "True"
		Release.AspNetCompiler.Debug = "False"
	EndProjectSection
	ProjectSection(SolutionItems) = preProject
		skins\monochrome\NrkBrowser.xml = skins\monochrome\NrkBrowser.xml
	EndProjectSection
EndProject
Project("{FAE04EC0-301F-11D3-BF4B-00C04F79EFBC}") = "Tests", "Tests\Tests.csproj", "{526E3060-B4C4-43DA-918F-94FAAA1E0A59}"
	ProjectSection(WebsiteProperties) = preProject
		Debug.AspNetCompiler.Debug = "True"
		Release.AspNetCompiler.Debug = "False"
	EndProjectSection
EndProject
Project("{2150E333-8FDC-42A3-9474-1A3956D46DE8}") = "bilder", "bilder", "{9BCBA1B2-E628-4A6B-8799-FB9D557CFAD2}"
	ProjectSection(WebsiteProperties) = preProject
		Debug.AspNetCompiler.Debug = "True"
		Release.AspNetCompiler.Debug = "False"
	EndProjectSection
EndProject
Project("{FAE04EC0-301F-11D3-BF4B-00C04F79EFBC}") = "Domain", "Domain\Domain.csproj", "{00C08DA7-FECB-4E15-8F68-C03D5815979F}"
	ProjectSection(WebsiteProperties) = preProject
		Debug.AspNetCompiler.Debug = "True"
		Release.AspNetCompiler.Debug = "False"
	EndProjectSection
EndProject
Project("{FAE04EC0-301F-11D3-BF4B-00C04F79EFBC}") = "NrkParser", "NrkParser\NrkParser.csproj", "{C67F56C6-C8FA-45C7-833C-3C2F64F31351}"
	ProjectSection(WebsiteProperties) = preProject
		Debug.AspNetCompiler.Debug = "True"
		Release.AspNetCompiler.Debug = "False"
	EndProjectSection
EndProject
Project("{FAE04EC0-301F-11D3-BF4B-00C04F79EFBC}") = "PluginTests", "PluginTests\PluginTests.csproj", "{5AABA7D6-F0DC-4315-BD02-DA1CD9BBD5C4}"
	ProjectSection(WebsiteProperties) = preProject
		Debug.AspNetCompiler.Debug = "True"
		Release.AspNetCompiler.Debug = "False"
	EndProjectSection
	ProjectSection(ProjectDependencies) = postProject
		{2A20C160-A7E8-48CB-95A3-92F62CA6AB38} = {2A20C160-A7E8-48CB-95A3-92F62CA6AB38}
		{00C08DA7-FECB-4E15-8F68-C03D5815979F} = {00C08DA7-FECB-4E15-8F68-C03D5815979F}
		{C67F56C6-C8FA-45C7-833C-3C2F64F31351} = {C67F56C6-C8FA-45C7-833C-3C2F64F31351}
	EndProjectSection
EndProject
Global
	GlobalSection(SolutionConfigurationPlatforms) = preSolution
		Debug|Any CPU = Debug|Any CPU
		Release|Any CPU = Release|Any CPU
	EndGlobalSection
	GlobalSection(ProjectConfigurationPlatforms) = postSolution
		{2A20C160-A7E8-48CB-95A3-92F62CA6AB38}.Debug|Any CPU.ActiveCfg = Debug|Any CPU
		{2A20C160-A7E8-48CB-95A3-92F62CA6AB38}.Debug|Any CPU.Build.0 = Debug|Any CPU
		{2A20C160-A7E8-48CB-95A3-92F62CA6AB38}.Release|Any CPU.ActiveCfg = Release|Any CPU
		{2A20C160-A7E8-48CB-95A3-92F62CA6AB38}.Release|Any CPU.Build.0 = Release|Any CPU
		{309A3F5E-91A4-40C5-BAB8-527905FE85DF}.Debug|Any CPU.ActiveCfg = Debug|Any CPU
		{309A3F5E-91A4-40C5-BAB8-527905FE85DF}.Debug|Any CPU.Build.0 = Debug|Any CPU
		{309A3F5E-91A4-40C5-BAB8-527905FE85DF}.Release|Any CPU.ActiveCfg = Release|Any CPU
		{309A3F5E-91A4-40C5-BAB8-527905FE85DF}.Release|Any CPU.Build.0 = Release|Any CPU
		{526E3060-B4C4-43DA-918F-94FAAA1E0A59}.Debug|Any CPU.ActiveCfg = Debug|Any CPU
		{526E3060-B4C4-43DA-918F-94FAAA1E0A59}.Debug|Any CPU.Build.0 = Debug|Any CPU
		{526E3060-B4C4-43DA-918F-94FAAA1E0A59}.Release|Any CPU.ActiveCfg = Release|Any CPU
		{526E3060-B4C4-43DA-918F-94FAAA1E0A59}.Release|Any CPU.Build.0 = Release|Any CPU
		{00C08DA7-FECB-4E15-8F68-C03D5815979F}.Debug|Any CPU.ActiveCfg = Debug|Any CPU
		{00C08DA7-FECB-4E15-8F68-C03D5815979F}.Debug|Any CPU.Build.0 = Debug|Any CPU
		{00C08DA7-FECB-4E15-8F68-C03D5815979F}.Release|Any CPU.ActiveCfg = Release|Any CPU
		{00C08DA7-FECB-4E15-8F68-C03D5815979F}.Release|Any CPU.Build.0 = Release|Any CPU
		{C67F56C6-C8FA-45C7-833C-3C2F64F31351}.Debug|Any CPU.ActiveCfg = Debug|Any CPU
		{C67F56C6-C8FA-45C7-833C-3C2F64F31351}.Debug|Any CPU.Build.0 = Debug|Any CPU
		{C67F56C6-C8FA-45C7-833C-3C2F64F31351}.Release|Any CPU.ActiveCfg = Release|Any CPU
		{C67F56C6-C8FA-45C7-833C-3C2F64F31351}.Release|Any CPU.Build.0 = Release|Any CPU
		{5AABA7D6-F0DC-4315-BD02-DA1CD9BBD5C4}.Debug|Any CPU.ActiveCfg = Debug|Any CPU
		{5AABA7D6-F0DC-4315-BD02-DA1CD9BBD5C4}.Debug|Any CPU.Build.0 = Debug|Any CPU
		{5AABA7D6-F0DC-4315-BD02-DA1CD9BBD5C4}.Release|Any CPU.ActiveCfg = Release|Any CPU
		{5AABA7D6-F0DC-4315-BD02-DA1CD9BBD5C4}.Release|Any CPU.Build.0 = Release|Any CPU
	EndGlobalSection
	GlobalSection(SolutionProperties) = preSolution
		HideSolutionNode = FALSE
	EndGlobalSection
	GlobalSection(NestedProjects) = preSolution
		{6D4BA5EC-1F68-4F75-8039-36D4FD51FA7A} = {96D7E999-175E-4670-B11A-75CADA2E29F8}
		{780957D9-9BE9-49CE-8E0C-0429A3AB5150} = {96D7E999-175E-4670-B11A-75CADA2E29F8}
	EndGlobalSection
EndGlobal
